{
  "version": "5",
  "remote": {
    "https://edge.netlify.com/": "fd941d61d88673d5f28aab283fb86fcc50f08a3bc80ee5470498fcfa88c65cfb",
    "https://edge.netlify.com/bootstrap/config.ts": "6a2ce0e544e15e8f8883a5c18da5948e37fd0f2619f68cb31f3af53c51817025",
    "https://edge.netlify.com/bootstrap/context.ts": "e97240232121e2f369f6546ce961490f34d961ea1ea54be3ff09633e3f08373f",
    "https://edge.netlify.com/bootstrap/cookie.ts": "8b0baae708989ca183c6f3b4ab3d029e6abcbc2e43f93edeb0ff447b3bbc3a05",
    "https://edge.netlify.com/bootstrap/edge_function.ts": "b8253e86aa83c67341f5cfedeba5049d77fbf84dcab7eceff7566b7728ae9b39",
    "https://edge.netlify.com/bootstrap/globals/types.ts": "eaa6148ded3121d8dee62dd91c86e7fe76601df0f3ca8d7962243a30f4c8935f"
  },
  "workspace": {
    "packageJson": {
      "dependencies": [
        "npm:@chakra-ui/react@^3.26.0",
        "npm:@dnd-kit/react@~0.3.2",
        "npm:@emotion/react@^11.13.3",
        "npm:@fast-csv/format@^5.0.2",
        "npm:@hookform/resolvers@^3.9.1",
        "npm:@netlify/blobs@^10.5.0",
        "npm:@netlify/functions@^5.1.0",
        "npm:@prisma/client@5.18.0",
        "npm:@react-email/components@0.0.38",
        "npm:@react-hook/debounce@4",
        "npm:@react-hooks-library/core@~0.6.2",
        "npm:@react-pdf/renderer@^4.3.0",
        "npm:@rehookify/datepicker@^6.6.8",
        "npm:@tanstack/react-query-devtools@^5.76.1",
        "npm:@tanstack/react-query@^5.76.1",
        "npm:@turf/boolean-point-in-polygon@^7.2.0",
        "npm:@turf/turf@^7.2.0",
        "npm:@types/node@^22.14.0",
        "npm:@uidotdev/usehooks@^2.4.1",
        "npm:@vis.gl/react-google-maps@^1.5.5",
        "npm:@vitejs/plugin-react@^4.5.0",
        "npm:aspnet-identity-pw@^1.0.2",
        "npm:basic-ftp@^5.0.5",
        "npm:bcrypt@6",
        "npm:daynight@^4.0.1",
        "npm:dotenv-cli@^7.4.2",
        "npm:dotenv@^16.4.5",
        "npm:downshift@^9.0.9",
        "npm:eslint-config-next@15.0.2",
        "npm:eslint@8",
        "npm:exceljs@^4.4.0",
        "npm:fast-csv@^5.0.5",
        "npm:file-saver@^2.0.5",
        "npm:framer-motion@^11.3.30",
        "npm:generate-password@^1.7.1",
        "npm:jsdom@^26.1.0",
        "npm:jspdf@^3.0.1",
        "npm:lodash.isnil@4",
        "npm:lodash.orderby@^4.6.0",
        "npm:luxon@^3.5.0",
        "npm:match-sorter@^8.1.0",
        "npm:nanoid-dictionary@5",
        "npm:nanoid@^5.1.6",
        "npm:netlify-cli@^23.13.3",
        "npm:next-auth@^5.0.0-beta.25",
        "npm:next-safe-action@^7.10.7",
        "npm:next-themes@0.3",
        "npm:next@15.0.7",
        "npm:nuqs@^2.3.0",
        "npm:prisma-cursorstream@~0.4.2",
        "npm:prisma@^5.18.0",
        "npm:react-dom@19.1.0",
        "npm:react-email@4.0.11",
        "npm:react-geocode@^2.0.1",
        "npm:react-hook-form@^7.53.2",
        "npm:react-icons@^5.3.0",
        "npm:react-number-format@^5.4.4",
        "npm:react-static-google-map@0.9",
        "npm:react-use@^17.6.0",
        "npm:react@19.1.0",
        "npm:relevancy@0.2",
        "npm:resend@^4.5.1",
        "npm:server-only@^0.0.1",
        "npm:slugify@^1.6.6",
        "npm:standard@^17.1.2",
        "npm:swr@^2.3.0",
        "npm:timeago-react@^3.0.7",
        "npm:tmp@~0.2.5",
        "npm:ts-node@^10.9.2",
        "npm:typescript@^5.8.3",
        "npm:valibot@^1.1.0",
        "npm:vite-jsconfig-paths@^2.0.1",
        "npm:vitest@^2.1.8",
        "npm:zod@^3.23.8"
      ]
    }
  }
}
